
Microsoft Visual Studio Solution File, Format Version 12.00
# Visual Studio 15
VisualStudioVersion = 15.0.26124.0
MinimumVisualStudioVersion = 15.0.26124.0
Project("{FAE04EC0-301F-11D3-BF4B-00C04F79EFBC}") = "fast.blas", "fast.blas\fast.blas.csproj", "{F9E2D924-34F3-43FA-887D-86ED5DF3BF17}"
EndProject
Project("{FAE04EC0-301F-11D3-BF4B-00C04F79EFBC}") = "fast.search", "fast.search\fast.search.csproj", "{70B60CFB-7A7A-4A30-BA5E-125935D214A1}"
EndProject
Project("{FAE04EC0-301F-11D3-BF4B-00C04F79EFBC}") = "fast.search.tests", "fast.search.tests\fast.search.tests.csproj", "{4CB31D15-61C4-4346-B616-09B1AE5B95A5}"
EndProject
Project("{FAE04EC0-301F-11D3-BF4B-00C04F79EFBC}") = "fast.helpers", "fast.helpers\fast.helpers.csproj", "{090652C3-22A5-481C-B490-A14CCE8FDE9F}"
EndProject
Project("{FAE04EC0-301F-11D3-BF4B-00C04F79EFBC}") = "fast.webapi", "fast.webapi\fast.webapi.csproj", "{5FC79589-9746-4711-B69C-4FE50C08D294}"
EndProject
Project("{FAE04EC0-301F-11D3-BF4B-00C04F79EFBC}") = "fast.modeling", "fast.modeling\fast.modeling.csproj", "{DA06E270-2AFF-4EAB-95FA-D73ADD02ADCE}"
EndProject
Project("{FAE04EC0-301F-11D3-BF4B-00C04F79EFBC}") = "fast.modeling.tests", "fast.modeling.tests\fast.modeling.tests.csproj", "{BBFEA027-13A4-45A2-84F6-6F652C42E76A}"
EndProject
Global
	GlobalSection(SolutionConfigurationPlatforms) = preSolution
		Debug|Any CPU = Debug|Any CPU
		Debug|x64 = Debug|x64
		Debug|x86 = Debug|x86
		Release|Any CPU = Release|Any CPU
		Release|x64 = Release|x64
		Release|x86 = Release|x86
	EndGlobalSection
	GlobalSection(SolutionProperties) = preSolution
		HideSolutionNode = FALSE
	EndGlobalSection
	GlobalSection(ProjectConfigurationPlatforms) = postSolution
		{F9E2D924-34F3-43FA-887D-86ED5DF3BF17}.Debug|Any CPU.ActiveCfg = Debug|Any CPU
		{F9E2D924-34F3-43FA-887D-86ED5DF3BF17}.Debug|Any CPU.Build.0 = Debug|Any CPU
		{F9E2D924-34F3-43FA-887D-86ED5DF3BF17}.Debug|x64.ActiveCfg = Debug|Any CPU
		{F9E2D924-34F3-43FA-887D-86ED5DF3BF17}.Debug|x64.Build.0 = Debug|Any CPU
		{F9E2D924-34F3-43FA-887D-86ED5DF3BF17}.Debug|x86.ActiveCfg = Debug|Any CPU
		{F9E2D924-34F3-43FA-887D-86ED5DF3BF17}.Debug|x86.Build.0 = Debug|Any CPU
		{F9E2D924-34F3-43FA-887D-86ED5DF3BF17}.Release|Any CPU.ActiveCfg = Release|Any CPU
		{F9E2D924-34F3-43FA-887D-86ED5DF3BF17}.Release|Any CPU.Build.0 = Release|Any CPU
		{F9E2D924-34F3-43FA-887D-86ED5DF3BF17}.Release|x64.ActiveCfg = Release|Any CPU
		{F9E2D924-34F3-43FA-887D-86ED5DF3BF17}.Release|x64.Build.0 = Release|Any CPU
		{F9E2D924-34F3-43FA-887D-86ED5DF3BF17}.Release|x86.ActiveCfg = Release|Any CPU
		{F9E2D924-34F3-43FA-887D-86ED5DF3BF17}.Release|x86.Build.0 = Release|Any CPU
		{70B60CFB-7A7A-4A30-BA5E-125935D214A1}.Debug|Any CPU.ActiveCfg = Debug|Any CPU
		{70B60CFB-7A7A-4A30-BA5E-125935D214A1}.Debug|Any CPU.Build.0 = Debug|Any CPU
		{70B60CFB-7A7A-4A30-BA5E-125935D214A1}.Debug|x64.ActiveCfg = Debug|Any CPU
		{70B60CFB-7A7A-4A30-BA5E-125935D214A1}.Debug|x64.Build.0 = Debug|Any CPU
		{70B60CFB-7A7A-4A30-BA5E-125935D214A1}.Debug|x86.ActiveCfg = Debug|Any CPU
		{70B60CFB-7A7A-4A30-BA5E-125935D214A1}.Debug|x86.Build.0 = Debug|Any CPU
		{70B60CFB-7A7A-4A30-BA5E-125935D214A1}.Release|Any CPU.ActiveCfg = Release|Any CPU
		{70B60CFB-7A7A-4A30-BA5E-125935D214A1}.Release|Any CPU.Build.0 = Release|Any CPU
		{70B60CFB-7A7A-4A30-BA5E-125935D214A1}.Release|x64.ActiveCfg = Release|Any CPU
		{70B60CFB-7A7A-4A30-BA5E-125935D214A1}.Release|x64.Build.0 = Release|Any CPU
		{70B60CFB-7A7A-4A30-BA5E-125935D214A1}.Release|x86.ActiveCfg = Release|Any CPU
		{70B60CFB-7A7A-4A30-BA5E-125935D214A1}.Release|x86.Build.0 = Release|Any CPU
		{4CB31D15-61C4-4346-B616-09B1AE5B95A5}.Debug|Any CPU.ActiveCfg = Debug|Any CPU
		{4CB31D15-61C4-4346-B616-09B1AE5B95A5}.Debug|Any CPU.Build.0 = Debug|Any CPU
		{4CB31D15-61C4-4346-B616-09B1AE5B95A5}.Debug|x64.ActiveCfg = Debug|Any CPU
		{4CB31D15-61C4-4346-B616-09B1AE5B95A5}.Debug|x64.Build.0 = Debug|Any CPU
		{4CB31D15-61C4-4346-B616-09B1AE5B95A5}.Debug|x86.ActiveCfg = Debug|Any CPU
		{4CB31D15-61C4-4346-B616-09B1AE5B95A5}.Debug|x86.Build.0 = Debug|Any CPU
		{4CB31D15-61C4-4346-B616-09B1AE5B95A5}.Release|Any CPU.ActiveCfg = Release|Any CPU
		{4CB31D15-61C4-4346-B616-09B1AE5B95A5}.Release|Any CPU.Build.0 = Release|Any CPU
		{4CB31D15-61C4-4346-B616-09B1AE5B95A5}.Release|x64.ActiveCfg = Release|Any CPU
		{4CB31D15-61C4-4346-B616-09B1AE5B95A5}.Release|x64.Build.0 = Release|Any CPU
		{4CB31D15-61C4-4346-B616-09B1AE5B95A5}.Release|x86.ActiveCfg = Release|Any CPU
		{4CB31D15-61C4-4346-B616-09B1AE5B95A5}.Release|x86.Build.0 = Release|Any CPU
		{090652C3-22A5-481C-B490-A14CCE8FDE9F}.Debug|Any CPU.ActiveCfg = Debug|Any CPU
		{090652C3-22A5-481C-B490-A14CCE8FDE9F}.Debug|Any CPU.Build.0 = Debug|Any CPU
		{090652C3-22A5-481C-B490-A14CCE8FDE9F}.Debug|x64.ActiveCfg = Debug|Any CPU
		{090652C3-22A5-481C-B490-A14CCE8FDE9F}.Debug|x64.Build.0 = Debug|Any CPU
		{090652C3-22A5-481C-B490-A14CCE8FDE9F}.Debug|x86.ActiveCfg = Debug|Any CPU
		{090652C3-22A5-481C-B490-A14CCE8FDE9F}.Debug|x86.Build.0 = Debug|Any CPU
		{090652C3-22A5-481C-B490-A14CCE8FDE9F}.Release|Any CPU.ActiveCfg = Release|Any CPU
		{090652C3-22A5-481C-B490-A14CCE8FDE9F}.Release|Any CPU.Build.0 = Release|Any CPU
		{090652C3-22A5-481C-B490-A14CCE8FDE9F}.Release|x64.ActiveCfg = Release|Any CPU
		{090652C3-22A5-481C-B490-A14CCE8FDE9F}.Release|x64.Build.0 = Release|Any CPU
		{090652C3-22A5-481C-B490-A14CCE8FDE9F}.Release|x86.ActiveCfg = Release|Any CPU
		{090652C3-22A5-481C-B490-A14CCE8FDE9F}.Release|x86.Build.0 = Release|Any CPU
		{5FC79589-9746-4711-B69C-4FE50C08D294}.Debug|Any CPU.ActiveCfg = Debug|Any CPU
		{5FC79589-9746-4711-B69C-4FE50C08D294}.Debug|Any CPU.Build.0 = Debug|Any CPU
		{5FC79589-9746-4711-B69C-4FE50C08D294}.Debug|x64.ActiveCfg = Debug|Any CPU
		{5FC79589-9746-4711-B69C-4FE50C08D294}.Debug|x64.Build.0 = Debug|Any CPU
		{5FC79589-9746-4711-B69C-4FE50C08D294}.Debug|x86.ActiveCfg = Debug|Any CPU
		{5FC79589-9746-4711-B69C-4FE50C08D294}.Debug|x86.Build.0 = Debug|Any CPU
		{5FC79589-9746-4711-B69C-4FE50C08D294}.Release|Any CPU.ActiveCfg = Release|Any CPU
		{5FC79589-9746-4711-B69C-4FE50C08D294}.Release|Any CPU.Build.0 = Release|Any CPU
		{5FC79589-9746-4711-B69C-4FE50C08D294}.Release|x64.ActiveCfg = Release|Any CPU
		{5FC79589-9746-4711-B69C-4FE50C08D294}.Release|x64.Build.0 = Release|Any CPU
		{5FC79589-9746-4711-B69C-4FE50C08D294}.Release|x86.ActiveCfg = Release|Any CPU
		{5FC79589-9746-4711-B69C-4FE50C08D294}.Release|x86.Build.0 = Release|Any CPU
		{DA06E270-2AFF-4EAB-95FA-D73ADD02ADCE}.Debug|Any CPU.ActiveCfg = Debug|Any CPU
		{DA06E270-2AFF-4EAB-95FA-D73ADD02ADCE}.Debug|Any CPU.Build.0 = Debug|Any CPU
		{DA06E270-2AFF-4EAB-95FA-D73ADD02ADCE}.Debug|x64.ActiveCfg = Debug|Any CPU
		{DA06E270-2AFF-4EAB-95FA-D73ADD02ADCE}.Debug|x64.Build.0 = Debug|Any CPU
		{DA06E270-2AFF-4EAB-95FA-D73ADD02ADCE}.Debug|x86.ActiveCfg = Debug|Any CPU
		{DA06E270-2AFF-4EAB-95FA-D73ADD02ADCE}.Debug|x86.Build.0 = Debug|Any CPU
		{DA06E270-2AFF-4EAB-95FA-D73ADD02ADCE}.Release|Any CPU.ActiveCfg = Release|Any CPU
		{DA06E270-2AFF-4EAB-95FA-D73ADD02ADCE}.Release|Any CPU.Build.0 = Release|Any CPU
		{DA06E270-2AFF-4EAB-95FA-D73ADD02ADCE}.Release|x64.ActiveCfg = Release|Any CPU
		{DA06E270-2AFF-4EAB-95FA-D73ADD02ADCE}.Release|x64.Build.0 = Release|Any CPU
		{DA06E270-2AFF-4EAB-95FA-D73ADD02ADCE}.Release|x86.ActiveCfg = Release|Any CPU
		{DA06E270-2AFF-4EAB-95FA-D73ADD02ADCE}.Release|x86.Build.0 = Release|Any CPU
		{BBFEA027-13A4-45A2-84F6-6F652C42E76A}.Debug|Any CPU.ActiveCfg = Debug|Any CPU
		{BBFEA027-13A4-45A2-84F6-6F652C42E76A}.Debug|Any CPU.Build.0 = Debug|Any CPU
		{BBFEA027-13A4-45A2-84F6-6F652C42E76A}.Debug|x64.ActiveCfg = Debug|Any CPU
		{BBFEA027-13A4-45A2-84F6-6F652C42E76A}.Debug|x64.Build.0 = Debug|Any CPU
		{BBFEA027-13A4-45A2-84F6-6F652C42E76A}.Debug|x86.ActiveCfg = Debug|Any CPU
		{BBFEA027-13A4-45A2-84F6-6F652C42E76A}.Debug|x86.Build.0 = Debug|Any CPU
		{BBFEA027-13A4-45A2-84F6-6F652C42E76A}.Release|Any CPU.ActiveCfg = Release|Any CPU
		{BBFEA027-13A4-45A2-84F6-6F652C42E76A}.Release|Any CPU.Build.0 = Release|Any CPU
		{BBFEA027-13A4-45A2-84F6-6F652C42E76A}.Release|x64.ActiveCfg = Release|Any CPU
		{BBFEA027-13A4-45A2-84F6-6F652C42E76A}.Release|x64.Build.0 = Release|Any CPU
		{BBFEA027-13A4-45A2-84F6-6F652C42E76A}.Release|x86.ActiveCfg = Release|Any CPU
		{BBFEA027-13A4-45A2-84F6-6F652C42E76A}.Release|x86.Build.0 = Release|Any CPU
	EndGlobalSection
EndGlobal
